// !$*UTF8*$!
{
	archiveVersion = 1;
	classes = {
	};
	objectVersion = 46;
	objects = {

/* Begin PBXBuildFile section */
		22C40EB11AD5C5E100FE12C1 /* icon.icns in Resources */ = {isa = PBXBuildFile; fileRef = 22C40EB01AD5C5E100FE12C1 /* icon.icns */; };
		3A9A9C461AD5B407008FABE9 /* AppDelegate.mm in Sources */ = {isa = PBXBuildFile; fileRef = 3A9A9C451AD5B407008FABE9 /* AppDelegate.mm */; };
		3A9A9C481AD5B407008FABE9 /* main.m in Sources */ = {isa = PBXBuildFile; fileRef = 3A9A9C471AD5B407008FABE9 /* main.m */; };
		3A9A9C4A1AD5B407008FABE9 /* Images.xcassets in Resources */ = {isa = PBXBuildFile; fileRef = 3A9A9C491AD5B407008FABE9 /* Images.xcassets */; };
		3A9A9C4D1AD5B407008FABE9 /* MainMenu.xib in Resources */ = {isa = PBXBuildFile; fileRef = 3A9A9C4B1AD5B407008FABE9 /* MainMenu.xib */; };
		3A9A9C631AD5B4CD008FABE9 /* WebKit.framework in Frameworks */ = {isa = PBXBuildFile; fileRef = 3A9A9C621AD5B4CD008FABE9 /* WebKit.framework */; };
		3A9A9C651AD5C307008FABE9 /* Sparkle.framework in Frameworks */ = {isa = PBXBuildFile; fileRef = 3A9A9C641AD5C307008FABE9 /* Sparkle.framework */; };
		3A9A9C681AD5C3AD008FABE9 /* Sparkle.framework in Copy Frameworks */ = {isa = PBXBuildFile; fileRef = 3A9A9C641AD5C307008FABE9 /* Sparkle.framework */; settings = {ATTRIBUTES = (CodeSignOnCopy, RemoveHeadersOnCopy, ); }; };
		3A9A9C781AD5D873008FABE9 /* JSClass.mm in Sources */ = {isa = PBXBuildFile; fileRef = 3A9A9C771AD5D873008FABE9 /* JSClass.mm */; };
		3A9A9C7A1AD5D8D2008FABE9 /* JavaScriptCore.framework in Frameworks */ = {isa = PBXBuildFile; fileRef = 3A9A9C791AD5D8D2008FABE9 /* JavaScriptCore.framework */; };
		3A9A9C7C1AD5D8ED008FABE9 /* JSNotification.js.mm in Sources */ = {isa = PBXBuildFile; fileRef = 3A9A9C7B1AD5D8ED008FABE9 /* JSNotification.js.mm */; };
		3A9A9C841AD5EA13008FABE9 /* JSObjWrapper.m in Sources */ = {isa = PBXBuildFile; fileRef = 3A9A9C831AD5EA13008FABE9 /* JSObjWrapper.m */; };
		3A9A9C861AD5EE4E008FABE9 /* JSNotifications.js.mm in Sources */ = {isa = PBXBuildFile; fileRef = 3A9A9C851AD5EE4E008FABE9 /* JSNotifications.js.mm */; };
		FC67C6201AD7027700459263 /* FBMApplication.m in Sources */ = {isa = PBXBuildFile; fileRef = FC67C61F1AD7027700459263 /* FBMApplication.m */; };
		FC8502E71AD8803B001BC2C9 /* injection.js in Resources */ = {isa = PBXBuildFile; fileRef = FC8502E61AD8803B001BC2C9 /* injection.js */; };
		FC9752111ADD8E9500D232F9 /* EmbeddedResources.m in Sources */ = {isa = PBXBuildFile; fileRef = FC9752101ADD8E9500D232F9 /* EmbeddedResources.m */; };
/* End PBXBuildFile section */

/* Begin PBXBuildRule section */
		3A9A9C7D1AD5D97E008FABE9 /* PBXBuildRule */ = {
			isa = PBXBuildRule;
			compilerSpec = com.apple.compilers.proxy.script;
			filePatterns = "*.js.mm";
			fileType = pattern.proxy;
			isEditable = 1;
			outputFiles = (
				"$(DERIVED_FILE_DIR)/$(INPUT_FILE_BASE).jscls.mm",
			);
			script = "admin/jscls ${INPUT_FILE_PATH} ${DERIVED_FILES_DIR}";
		};
/* End PBXBuildRule section */

/* Begin PBXContainerItemProxy section */
		FC9752171ADD90E800D232F9 /* PBXContainerItemProxy */ = {
			isa = PBXContainerItemProxy;
			containerPortal = 3A9A9C371AD5B407008FABE9 /* Project object */;
			proxyType = 1;
			remoteGlobalIDString = FC9752131ADD901800D232F9;
			remoteInfo = compile_js;
		};
		FC97521F1ADD96E400D232F9 /* PBXContainerItemProxy */ = {
			isa = PBXContainerItemProxy;
			containerPortal = 3A9A9C371AD5B407008FABE9 /* Project object */;
			proxyType = 1;
			remoteGlobalIDString = FC9752191ADD955C00D232F9;
			remoteInfo = compile_resources;
		};
/* End PBXContainerItemProxy section */

/* Begin PBXCopyFilesBuildPhase section */
		3A9A9C671AD5C356008FABE9 /* Copy Frameworks */ = {
			isa = PBXCopyFilesBuildPhase;
			buildActionMask = 2147483647;
			dstPath = "";
			dstSubfolderSpec = 10;
			files = (
				3A9A9C681AD5C3AD008FABE9 /* Sparkle.framework in Copy Frameworks */,
			);
			name = "Copy Frameworks";
			runOnlyForDeploymentPostprocessing = 0;
		};
/* End PBXCopyFilesBuildPhase section */

/* Begin PBXFileReference section */
		22C40EB01AD5C5E100FE12C1 /* icon.icns */ = {isa = PBXFileReference; lastKnownFileType = image.icns; path = icon.icns; sourceTree = "<group>"; };
		3A9A9C3F1AD5B407008FABE9 /* Messenger.app */ = {isa = PBXFileReference; explicitFileType = wrapper.application; includeInIndex = 0; path = Messenger.app; sourceTree = BUILT_PRODUCTS_DIR; };
		3A9A9C431AD5B407008FABE9 /* Info.plist */ = {isa = PBXFileReference; lastKnownFileType = text.plist.xml; path = Info.plist; sourceTree = "<group>"; };
		3A9A9C441AD5B407008FABE9 /* AppDelegate.h */ = {isa = PBXFileReference; lastKnownFileType = sourcecode.c.h; path = AppDelegate.h; sourceTree = "<group>"; };
		3A9A9C451AD5B407008FABE9 /* AppDelegate.mm */ = {isa = PBXFileReference; lastKnownFileType = sourcecode.cpp.objcpp; path = AppDelegate.mm; sourceTree = "<group>"; };
		3A9A9C471AD5B407008FABE9 /* main.m */ = {isa = PBXFileReference; lastKnownFileType = sourcecode.c.objc; path = main.m; sourceTree = "<group>"; };
		3A9A9C491AD5B407008FABE9 /* Images.xcassets */ = {isa = PBXFileReference; lastKnownFileType = folder.assetcatalog; path = Images.xcassets; sourceTree = "<group>"; };
		3A9A9C4C1AD5B407008FABE9 /* Base */ = {isa = PBXFileReference; lastKnownFileType = file.xib; name = Base; path = Base.lproj/MainMenu.xib; sourceTree = "<group>"; };
		3A9A9C621AD5B4CD008FABE9 /* WebKit.framework */ = {isa = PBXFileReference; lastKnownFileType = wrapper.framework; name = WebKit.framework; path = System/Library/Frameworks/WebKit.framework; sourceTree = SDKROOT; };
		3A9A9C641AD5C307008FABE9 /* Sparkle.framework */ = {isa = PBXFileReference; lastKnownFileType = wrapper.framework; name = Sparkle.framework; path = sparkle/Sparkle.framework; sourceTree = "<group>"; };
		3A9A9C691AD5C6A7008FABE9 /* prefix.pch */ = {isa = PBXFileReference; lastKnownFileType = sourcecode.c.h; path = prefix.pch; sourceTree = "<group>"; };
		3A9A9C6D1AD5CA29008FABE9 /* common-debug.xcconfig */ = {isa = PBXFileReference; lastKnownFileType = text.xcconfig; path = "common-debug.xcconfig"; sourceTree = "<group>"; };
		3A9A9C6E1AD5CA29008FABE9 /* common-release.xcconfig */ = {isa = PBXFileReference; lastKnownFileType = text.xcconfig; path = "common-release.xcconfig"; sourceTree = "<group>"; };
		3A9A9C6F1AD5CA29008FABE9 /* common.xcconfig */ = {isa = PBXFileReference; lastKnownFileType = text.xcconfig; path = common.xcconfig; sourceTree = "<group>"; };
		3A9A9C701AD5CA29008FABE9 /* messenger-debug.xcconfig */ = {isa = PBXFileReference; lastKnownFileType = text.xcconfig; path = "messenger-debug.xcconfig"; sourceTree = "<group>"; };
		3A9A9C711AD5CA29008FABE9 /* messenger-release.xcconfig */ = {isa = PBXFileReference; lastKnownFileType = text.xcconfig; path = "messenger-release.xcconfig"; sourceTree = "<group>"; };
		3A9A9C721AD5CA29008FABE9 /* messenger.xcconfig */ = {isa = PBXFileReference; lastKnownFileType = text.xcconfig; path = messenger.xcconfig; sourceTree = "<group>"; };
		3A9A9C731AD5CF9D008FABE9 /* version.txt */ = {isa = PBXFileReference; lastKnownFileType = text; path = version.txt; sourceTree = SOURCE_ROOT; };
		3A9A9C751AD5D873008FABE9 /* jsapi.h */ = {isa = PBXFileReference; fileEncoding = 4; lastKnownFileType = sourcecode.c.h; path = jsapi.h; sourceTree = "<group>"; };
		3A9A9C761AD5D873008FABE9 /* JSClass.hh */ = {isa = PBXFileReference; fileEncoding = 4; lastKnownFileType = sourcecode.cpp.h; path = JSClass.hh; sourceTree = "<group>"; };
		3A9A9C771AD5D873008FABE9 /* JSClass.mm */ = {isa = PBXFileReference; fileEncoding = 4; lastKnownFileType = sourcecode.cpp.objcpp; path = JSClass.mm; sourceTree = "<group>"; };
		3A9A9C791AD5D8D2008FABE9 /* JavaScriptCore.framework */ = {isa = PBXFileReference; lastKnownFileType = wrapper.framework; name = JavaScriptCore.framework; path = System/Library/Frameworks/JavaScriptCore.framework; sourceTree = SDKROOT; };
		3A9A9C7B1AD5D8ED008FABE9 /* JSNotification.js.mm */ = {isa = PBXFileReference; fileEncoding = 4; lastKnownFileType = sourcecode.cpp.objcpp; path = JSNotification.js.mm; sourceTree = "<group>"; };
		3A9A9C7E1AD5DBD4008FABE9 /* WebPreferences.h */ = {isa = PBXFileReference; lastKnownFileType = sourcecode.c.h; path = WebPreferences.h; sourceTree = "<group>"; };
		3A9A9C821AD5EA13008FABE9 /* JSObjWrapper.h */ = {isa = PBXFileReference; fileEncoding = 4; lastKnownFileType = sourcecode.c.h; path = JSObjWrapper.h; sourceTree = "<group>"; };
		3A9A9C831AD5EA13008FABE9 /* JSObjWrapper.m */ = {isa = PBXFileReference; fileEncoding = 4; lastKnownFileType = sourcecode.c.objc; path = JSObjWrapper.m; sourceTree = "<group>"; };
		3A9A9C851AD5EE4E008FABE9 /* JSNotifications.js.mm */ = {isa = PBXFileReference; fileEncoding = 4; lastKnownFileType = sourcecode.cpp.objcpp; path = JSNotifications.js.mm; sourceTree = "<group>"; };
		FC67C61E1AD7027700459263 /* FBMApplication.h */ = {isa = PBXFileReference; fileEncoding = 4; lastKnownFileType = sourcecode.c.h; path = FBMApplication.h; sourceTree = "<group>"; };
		FC67C61F1AD7027700459263 /* FBMApplication.m */ = {isa = PBXFileReference; fileEncoding = 4; lastKnownFileType = sourcecode.c.objc; path = FBMApplication.m; sourceTree = "<group>"; };
		FC8502E61AD8803B001BC2C9 /* injection.js */ = {isa = PBXFileReference; fileEncoding = 4; lastKnownFileType = sourcecode.javascript; path = injection.js; sourceTree = "<group>"; };
		FC9752101ADD8E9500D232F9 /* EmbeddedResources.m */ = {isa = PBXFileReference; fileEncoding = 4; lastKnownFileType = sourcecode.c.objc; path = EmbeddedResources.m; sourceTree = "<group>"; };
		FC9752121ADD8EB700D232F9 /* EmbeddedResources.h */ = {isa = PBXFileReference; lastKnownFileType = sourcecode.c.h; path = EmbeddedResources.h; sourceTree = "<group>"; };
/* End PBXFileReference section */

/* Begin PBXFrameworksBuildPhase section */
		3A9A9C3C1AD5B407008FABE9 /* Frameworks */ = {
			isa = PBXFrameworksBuildPhase;
			buildActionMask = 2147483647;
			files = (
				3A9A9C7A1AD5D8D2008FABE9 /* JavaScriptCore.framework in Frameworks */,
				3A9A9C631AD5B4CD008FABE9 /* WebKit.framework in Frameworks */,
				3A9A9C651AD5C307008FABE9 /* Sparkle.framework in Frameworks */,
			);
			runOnlyForDeploymentPostprocessing = 0;
		};
/* End PBXFrameworksBuildPhase section */

/* Begin PBXGroup section */
		3A9A9C361AD5B407008FABE9 = {
			isa = PBXGroup;
			children = (
				3A9A9C411AD5B407008FABE9 /* Messenger */,
				3A9A9C661AD5C30A008FABE9 /* Deps */,
				3A9A9C6C1AD5CA29008FABE9 /* xcode-config */,
				3A9A9C401AD5B407008FABE9 /* Products */,
			);
			sourceTree = "<group>";
		};
		3A9A9C401AD5B407008FABE9 /* Products */ = {
			isa = PBXGroup;
			children = (
				3A9A9C3F1AD5B407008FABE9 /* Messenger.app */,
			);
			name = Products;
			sourceTree = "<group>";
		};
		3A9A9C411AD5B407008FABE9 /* Messenger */ = {
			isa = PBXGroup;
			children = (
				3A9A9C441AD5B407008FABE9 /* AppDelegate.h */,
				3A9A9C451AD5B407008FABE9 /* AppDelegate.mm */,
				FC67C61E1AD7027700459263 /* FBMApplication.h */,
				FC67C61F1AD7027700459263 /* FBMApplication.m */,
				FC8502E61AD8803B001BC2C9 /* injection.js */,
				3A9A9C7E1AD5DBD4008FABE9 /* WebPreferences.h */,
				FC9752121ADD8EB700D232F9 /* EmbeddedResources.h */,
				FC9752101ADD8E9500D232F9 /* EmbeddedResources.m */,
				3A9A9C741AD5D838008FABE9 /* JSAPI */,
				3A9A9C491AD5B407008FABE9 /* Images.xcassets */,
				3A9A9C4B1AD5B407008FABE9 /* MainMenu.xib */,
				22C40EB01AD5C5E100FE12C1 /* icon.icns */,
				3A9A9C421AD5B407008FABE9 /* Supporting Files */,
			);
			path = Messenger;
			sourceTree = "<group>";
		};
		3A9A9C421AD5B407008FABE9 /* Supporting Files */ = {
			isa = PBXGroup;
			children = (
				3A9A9C731AD5CF9D008FABE9 /* version.txt */,
				3A9A9C431AD5B407008FABE9 /* Info.plist */,
				3A9A9C471AD5B407008FABE9 /* main.m */,
				3A9A9C691AD5C6A7008FABE9 /* prefix.pch */,
			);
			name = "Supporting Files";
			sourceTree = "<group>";
		};
		3A9A9C661AD5C30A008FABE9 /* Deps */ = {
			isa = PBXGroup;
			children = (
				3A9A9C791AD5D8D2008FABE9 /* JavaScriptCore.framework */,
				3A9A9C621AD5B4CD008FABE9 /* WebKit.framework */,
				3A9A9C641AD5C307008FABE9 /* Sparkle.framework */,
			);
			name = Deps;
			sourceTree = "<group>";
		};
		3A9A9C6C1AD5CA29008FABE9 /* xcode-config */ = {
			isa = PBXGroup;
			children = (
				3A9A9C6D1AD5CA29008FABE9 /* common-debug.xcconfig */,
				3A9A9C6E1AD5CA29008FABE9 /* common-release.xcconfig */,
				3A9A9C6F1AD5CA29008FABE9 /* common.xcconfig */,
				3A9A9C701AD5CA29008FABE9 /* messenger-debug.xcconfig */,
				3A9A9C711AD5CA29008FABE9 /* messenger-release.xcconfig */,
				3A9A9C721AD5CA29008FABE9 /* messenger.xcconfig */,
			);
			path = "xcode-config";
			sourceTree = "<group>";
		};
		3A9A9C741AD5D838008FABE9 /* JSAPI */ = {
			isa = PBXGroup;
			children = (
				3A9A9C751AD5D873008FABE9 /* jsapi.h */,
				3A9A9C7B1AD5D8ED008FABE9 /* JSNotification.js.mm */,
				3A9A9C851AD5EE4E008FABE9 /* JSNotifications.js.mm */,
				3A9A9C821AD5EA13008FABE9 /* JSObjWrapper.h */,
				3A9A9C831AD5EA13008FABE9 /* JSObjWrapper.m */,
				3A9A9C761AD5D873008FABE9 /* JSClass.hh */,
				3A9A9C771AD5D873008FABE9 /* JSClass.mm */,
			);
			name = JSAPI;
			sourceTree = "<group>";
		};
/* End PBXGroup section */

/* Begin PBXLegacyTarget section */
		FC9752131ADD901800D232F9 /* compile_js */ = {
			isa = PBXLegacyTarget;
			buildArgumentsString = "$(ACTION)";
			buildConfigurationList = FC9752141ADD901800D232F9 /* Build configuration list for PBXLegacyTarget "compile_js" */;
			buildPhases = (
			);
			buildToolPath = ./Messenger/compile_js.sh;
			buildWorkingDirectory = "";
			dependencies = (
				FC9752201ADD96E400D232F9 /* PBXTargetDependency */,
			);
			name = compile_js;
			passBuildSettingsInEnvironment = 1;
			productName = compile_js;
		};
		FC9752191ADD955C00D232F9 /* compile_resources */ = {
			isa = PBXLegacyTarget;
			buildArgumentsString = "$(ACTION)";
			buildConfigurationList = FC97521A1ADD955D00D232F9 /* Build configuration list for PBXLegacyTarget "compile_resources" */;
			buildPhases = (
			);
			buildToolPath = ./Messenger/compile_resources.sh;
			dependencies = (
			);
			name = compile_resources;
			passBuildSettingsInEnvironment = 1;
			productName = compile_resources;
		};
/* End PBXLegacyTarget section */

/* Begin PBXNativeTarget section */
		3A9A9C3E1AD5B407008FABE9 /* Messenger */ = {
			isa = PBXNativeTarget;
			buildConfigurationList = 3A9A9C5C1AD5B407008FABE9 /* Build configuration list for PBXNativeTarget "Messenger" */;
			buildPhases = (
				3A9A9C3B1AD5B407008FABE9 /* Sources */,
				3A9A9C3C1AD5B407008FABE9 /* Frameworks */,
				3A9A9C3D1AD5B407008FABE9 /* Resources */,
				3A9A9C671AD5C356008FABE9 /* Copy Frameworks */,
			);
			buildRules = (
				3A9A9C7D1AD5D97E008FABE9 /* PBXBuildRule */,
			);
			dependencies = (
				FC9752181ADD90E800D232F9 /* PBXTargetDependency */,
			);
			name = Messenger;
			productName = Messenger;
			productReference = 3A9A9C3F1AD5B407008FABE9 /* Messenger.app */;
			productType = "com.apple.product-type.application";
		};
/* End PBXNativeTarget section */

/* Begin PBXProject section */
		3A9A9C371AD5B407008FABE9 /* Project object */ = {
			isa = PBXProject;
			attributes = {
				LastUpgradeCheck = 0610;
				ORGANIZATIONNAME = Rsms;
				TargetAttributes = {
					3A9A9C3E1AD5B407008FABE9 = {
						CreatedOnToolsVersion = 6.1.1;
						DevelopmentTeam = 2JS2795PX7;
					};
					FC9752131ADD901800D232F9 = {
						CreatedOnToolsVersion = 6.3;
					};
					FC9752191ADD955C00D232F9 = {
						CreatedOnToolsVersion = 6.3;
					};
				};
			};
			buildConfigurationList = 3A9A9C3A1AD5B407008FABE9 /* Build configuration list for PBXProject "Messenger" */;
			compatibilityVersion = "Xcode 3.2";
			developmentRegion = English;
			hasScannedForEncodings = 0;
			knownRegions = (
				en,
				Base,
			);
			mainGroup = 3A9A9C361AD5B407008FABE9;
			productRefGroup = 3A9A9C401AD5B407008FABE9 /* Products */;
			projectDirPath = "";
			projectRoot = "";
			targets = (
				3A9A9C3E1AD5B407008FABE9 /* Messenger */,
				FC9752131ADD901800D232F9 /* compile_js */,
				FC9752191ADD955C00D232F9 /* compile_resources */,
			);
		};
/* End PBXProject section */

/* Begin PBXResourcesBuildPhase section */
		3A9A9C3D1AD5B407008FABE9 /* Resources */ = {
			isa = PBXResourcesBuildPhase;
			buildActionMask = 2147483647;
			files = (
				3A9A9C4A1AD5B407008FABE9 /* Images.xcassets in Resources */,
				3A9A9C4D1AD5B407008FABE9 /* MainMenu.xib in Resources */,
				FC8502E71AD8803B001BC2C9 /* injection.js in Resources */,
				22C40EB11AD5C5E100FE12C1 /* icon.icns in Resources */,
			);
			runOnlyForDeploymentPostprocessing = 0;
		};
/* End PBXResourcesBuildPhase section */

/* Begin PBXSourcesBuildPhase section */
		3A9A9C3B1AD5B407008FABE9 /* Sources */ = {
			isa = PBXSourcesBuildPhase;
			buildActionMask = 2147483647;
			files = (
				3A9A9C481AD5B407008FABE9 /* main.m in Sources */,
				3A9A9C841AD5EA13008FABE9 /* JSObjWrapper.m in Sources */,
				FC9752111ADD8E9500D232F9 /* EmbeddedResources.m in Sources */,
				3A9A9C781AD5D873008FABE9 /* JSClass.mm in Sources */,
				3A9A9C461AD5B407008FABE9 /* AppDelegate.mm in Sources */,
				FC67C6201AD7027700459263 /* FBMApplication.m in Sources */,
				3A9A9C861AD5EE4E008FABE9 /* JSNotifications.js.mm in Sources */,
				3A9A9C7C1AD5D8ED008FABE9 /* JSNotification.js.mm in Sources */,
			);
			runOnlyForDeploymentPostprocessing = 0;
		};
/* End PBXSourcesBuildPhase section */

/* Begin PBXTargetDependency section */
		FC9752181ADD90E800D232F9 /* PBXTargetDependency */ = {
			isa = PBXTargetDependency;
			target = FC9752131ADD901800D232F9 /* compile_js */;
			targetProxy = FC9752171ADD90E800D232F9 /* PBXContainerItemProxy */;
		};
		FC9752201ADD96E400D232F9 /* PBXTargetDependency */ = {
			isa = PBXTargetDependency;
			target = FC9752191ADD955C00D232F9 /* compile_resources */;
			targetProxy = FC97521F1ADD96E400D232F9 /* PBXContainerItemProxy */;
		};
/* End PBXTargetDependency section */

/* Begin PBXVariantGroup section */
		3A9A9C4B1AD5B407008FABE9 /* MainMenu.xib */ = {
			isa = PBXVariantGroup;
			children = (
				3A9A9C4C1AD5B407008FABE9 /* Base */,
			);
			name = MainMenu.xib;
			sourceTree = "<group>";
		};
/* End PBXVariantGroup section */

/* Begin XCBuildConfiguration section */
		3A9A9C5A1AD5B407008FABE9 /* Debug */ = {
			isa = XCBuildConfiguration;
			buildSettings = {
				ALWAYS_SEARCH_USER_PATHS = NO;
				CLANG_CXX_LANGUAGE_STANDARD = "gnu++0x";
				CLANG_CXX_LIBRARY = "libc++";
				CLANG_ENABLE_MODULES = YES;
				CLANG_ENABLE_OBJC_ARC = YES;
				CLANG_WARN_BOOL_CONVERSION = YES;
				CLANG_WARN_CONSTANT_CONVERSION = YES;
				CLANG_WARN_DIRECT_OBJC_ISA_USAGE = YES_ERROR;
				CLANG_WARN_EMPTY_BODY = YES;
				CLANG_WARN_ENUM_CONVERSION = YES;
				CLANG_WARN_INT_CONVERSION = YES;
				CLANG_WARN_OBJC_ROOT_CLASS = YES_ERROR;
				CLANG_WARN_UNREACHABLE_CODE = YES;
				CLANG_WARN__DUPLICATE_METHOD_MATCH = YES;
				CODE_SIGN_IDENTITY = "-";
				COPY_PHASE_STRIP = NO;
				ENABLE_STRICT_OBJC_MSGSEND = YES;
				GCC_C_LANGUAGE_STANDARD = gnu99;
				GCC_DYNAMIC_NO_PIC = NO;
				GCC_OPTIMIZATION_LEVEL = 0;
				GCC_PREPROCESSOR_DEFINITIONS = (
					"DEBUG=1",
					"$(inherited)",
				);
				GCC_SYMBOLS_PRIVATE_EXTERN = NO;
				GCC_WARN_64_TO_32_BIT_CONVERSION = YES;
				GCC_WARN_ABOUT_RETURN_TYPE = YES_ERROR;
				GCC_WARN_UNDECLARED_SELECTOR = YES;
				GCC_WARN_UNINITIALIZED_AUTOS = YES_AGGRESSIVE;
				GCC_WARN_UNUSED_FUNCTION = YES;
				GCC_WARN_UNUSED_VARIABLE = YES;
				MACOSX_DEPLOYMENT_TARGET = 10.10;
				MTL_ENABLE_DEBUG_INFO = YES;
				ONLY_ACTIVE_ARCH = YES;
				SDKROOT = macosx;
			};
			name = Debug;
		};
		3A9A9C5B1AD5B407008FABE9 /* Release */ = {
			isa = XCBuildConfiguration;
			buildSettings = {
				ALWAYS_SEARCH_USER_PATHS = NO;
				CLANG_CXX_LANGUAGE_STANDARD = "gnu++0x";
				CLANG_CXX_LIBRARY = "libc++";
				CLANG_ENABLE_MODULES = YES;
				CLANG_ENABLE_OBJC_ARC = YES;
				CLANG_WARN_BOOL_CONVERSION = YES;
				CLANG_WARN_CONSTANT_CONVERSION = YES;
				CLANG_WARN_DIRECT_OBJC_ISA_USAGE = YES_ERROR;
				CLANG_WARN_EMPTY_BODY = YES;
				CLANG_WARN_ENUM_CONVERSION = YES;
				CLANG_WARN_INT_CONVERSION = YES;
				CLANG_WARN_OBJC_ROOT_CLASS = YES_ERROR;
				CLANG_WARN_UNREACHABLE_CODE = YES;
				CLANG_WARN__DUPLICATE_METHOD_MATCH = YES;
				CODE_SIGN_IDENTITY = "-";
				COPY_PHASE_STRIP = YES;
				DEBUG_INFORMATION_FORMAT = "dwarf-with-dsym";
				ENABLE_NS_ASSERTIONS = NO;
				ENABLE_STRICT_OBJC_MSGSEND = YES;
				GCC_C_LANGUAGE_STANDARD = gnu99;
				GCC_WARN_64_TO_32_BIT_CONVERSION = YES;
				GCC_WARN_ABOUT_RETURN_TYPE = YES_ERROR;
				GCC_WARN_UNDECLARED_SELECTOR = YES;
				GCC_WARN_UNINITIALIZED_AUTOS = YES_AGGRESSIVE;
				GCC_WARN_UNUSED_FUNCTION = YES;
				GCC_WARN_UNUSED_VARIABLE = YES;
				MACOSX_DEPLOYMENT_TARGET = 10.10;
				MTL_ENABLE_DEBUG_INFO = NO;
				SDKROOT = macosx;
			};
			name = Release;
		};
		3A9A9C5D1AD5B407008FABE9 /* Debug */ = {
			isa = XCBuildConfiguration;
			baseConfigurationReference = 3A9A9C701AD5CA29008FABE9 /* messenger-debug.xcconfig */;
			buildSettings = {
				COMBINE_HIDPI_IMAGES = YES;
				FRAMEWORK_SEARCH_PATHS = (
					"$(inherited)",
					"$(PROJECT_DIR)/sparkle",
				);
			};
			name = Debug;
		};
		3A9A9C5E1AD5B407008FABE9 /* Release */ = {
			isa = XCBuildConfiguration;
			baseConfigurationReference = 3A9A9C701AD5CA29008FABE9 /* messenger-debug.xcconfig */;
			buildSettings = {
				COMBINE_HIDPI_IMAGES = YES;
				FRAMEWORK_SEARCH_PATHS = (
					"$(inherited)",
					"$(PROJECT_DIR)/sparkle",
				);
			};
			name = Release;
		};
		FC9752151ADD901800D232F9 /* Debug */ = {
			isa = XCBuildConfiguration;
			buildSettings = {
				DEBUGGING_SYMBOLS = YES;
				DEBUG_INFORMATION_FORMAT = dwarf;
				GCC_GENERATE_DEBUGGING_SYMBOLS = YES;
				GCC_NO_COMMON_BLOCKS = YES;
				GCC_OPTIMIZATION_LEVEL = 0;
				GCC_PREPROCESSOR_DEFINITIONS = (
					"DEBUG=1",
					"$(inherited)",
				);
				OTHER_CFLAGS = "";
				OTHER_LDFLAGS = "";
				PRODUCT_NAME = "$(TARGET_NAME)";
			};
			name = Debug;
		};
		FC9752161ADD901800D232F9 /* Release */ = {
			isa = XCBuildConfiguration;
			buildSettings = {
				COPY_PHASE_STRIP = NO;
				GCC_NO_COMMON_BLOCKS = YES;
				OTHER_CFLAGS = "";
				OTHER_LDFLAGS = "";
				PRODUCT_NAME = "$(TARGET_NAME)";
			};
			name = Release;
		};
		FC97521B1ADD955D00D232F9 /* Debug */ = {
			isa = XCBuildConfiguration;
			buildSettings = {
				DEBUGGING_SYMBOLS = YES;
				DEBUG_INFORMATION_FORMAT = dwarf;
				GCC_GENERATE_DEBUGGING_SYMBOLS = YES;
				GCC_NO_COMMON_BLOCKS = YES;
				GCC_OPTIMIZATION_LEVEL = 0;
				GCC_PREPROCESSOR_DEFINITIONS = (
					"DEBUG=1",
					"$(inherited)",
				);
				OTHER_CFLAGS = "";
				OTHER_LDFLAGS = "";
				PRODUCT_NAME = "$(TARGET_NAME)";
			};
			name = Debug;
		};
		FC97521C1ADD955D00D232F9 /* Release */ = {
			isa = XCBuildConfiguration;
			buildSettings = {
				COPY_PHASE_STRIP = NO;
				GCC_NO_COMMON_BLOCKS = YES;
				OTHER_CFLAGS = "";
				OTHER_LDFLAGS = "";
				PRODUCT_NAME = "$(TARGET_NAME)";
			};
			name = Release;
		};
/* End XCBuildConfiguration section */

/* Begin XCConfigurationList section */
		3A9A9C3A1AD5B407008FABE9 /* Build configuration list for PBXProject "Messenger" */ = {
			isa = XCConfigurationList;
			buildConfigurations = (
				3A9A9C5A1AD5B407008FABE9 /* Debug */,
				3A9A9C5B1AD5B407008FABE9 /* Release */,
			);
			defaultConfigurationIsVisible = 0;
			defaultConfigurationName = Release;
		};
		3A9A9C5C1AD5B407008FABE9 /* Build configuration list for PBXNativeTarget "Messenger" */ = {
			isa = XCConfigurationList;
			buildConfigurations = (
				3A9A9C5D1AD5B407008FABE9 /* Debug */,
				3A9A9C5E1AD5B407008FABE9 /* Release */,
			);
			defaultConfigurationIsVisible = 0;
			defaultConfigurationName = Release;
		};
		FC9752141ADD901800D232F9 /* Build configuration list for PBXLegacyTarget "compile_js" */ = {
			isa = XCConfigurationList;
			buildConfigurations = (
				FC9752151ADD901800D232F9 /* Debug */,
				FC9752161ADD901800D232F9 /* Release */,
			);
			defaultConfigurationIsVisible = 0;
		};
		FC97521A1ADD955D00D232F9 /* Build configuration list for PBXLegacyTarget "compile_resources" */ = {
			isa = XCConfigurationList;
			buildConfigurations = (
				FC97521B1ADD955D00D232F9 /* Debug */,
				FC97521C1ADD955D00D232F9 /* Release */,
			);
			defaultConfigurationIsVisible = 0;
		};
/* End XCConfigurationList section */
	};
	rootObject = 3A9A9C371AD5B407008FABE9 /* Project object */;
}
