// !$*UTF8*$!
{
	archiveVersion = 1;
	classes = {
	};
	objectVersion = 46;
	objects = {

/* Begin PBXBuildFile section */
		3A9A9C461AD5B407008FABE9 /* AppDelegate.mm in Sources */ = {isa = PBXBuildFile; fileRef = 3A9A9C451AD5B407008FABE9 /* AppDelegate.mm */; };
		3A9A9C481AD5B407008FABE9 /* main.m in Sources */ = {isa = PBXBuildFile; fileRef = 3A9A9C471AD5B407008FABE9 /* main.m */; };
		3A9A9C4A1AD5B407008FABE9 /* Images.xcassets in Resources */ = {isa = PBXBuildFile; fileRef = 3A9A9C491AD5B407008FABE9 /* Images.xcassets */; };
		3A9A9C4D1AD5B407008FABE9 /* MainMenu.xib in Resources */ = {isa = PBXBuildFile; fileRef = 3A9A9C4B1AD5B407008FABE9 /* MainMenu.xib */; };
		3A9A9C631AD5B4CD008FABE9 /* WebKit.framework in Frameworks */ = {isa = PBXBuildFile; fileRef = 3A9A9C621AD5B4CD008FABE9 /* WebKit.framework */; };
/* End PBXBuildFile section */

/* Begin PBXFileReference section */
		3A9A9C3F1AD5B407008FABE9 /* Messenger.app */ = {isa = PBXFileReference; explicitFileType = wrapper.application; includeInIndex = 0; path = Messenger.app; sourceTree = BUILT_PRODUCTS_DIR; };
		3A9A9C431AD5B407008FABE9 /* Info.plist */ = {isa = PBXFileReference; lastKnownFileType = text.plist.xml; path = Info.plist; sourceTree = "<group>"; };
		3A9A9C441AD5B407008FABE9 /* AppDelegate.h */ = {isa = PBXFileReference; lastKnownFileType = sourcecode.c.h; path = AppDelegate.h; sourceTree = "<group>"; };
		3A9A9C451AD5B407008FABE9 /* AppDelegate.mm */ = {isa = PBXFileReference; lastKnownFileType = sourcecode.cpp.objcpp; path = AppDelegate.mm; sourceTree = "<group>"; };
		3A9A9C471AD5B407008FABE9 /* main.m */ = {isa = PBXFileReference; lastKnownFileType = sourcecode.c.objc; path = main.m; sourceTree = "<group>"; };
		3A9A9C491AD5B407008FABE9 /* Images.xcassets */ = {isa = PBXFileReference; lastKnownFileType = folder.assetcatalog; path = Images.xcassets; sourceTree = "<group>"; };
		3A9A9C4C1AD5B407008FABE9 /* Base */ = {isa = PBXFileReference; lastKnownFileType = file.xib; name = Base; path = Base.lproj/MainMenu.xib; sourceTree = "<group>"; };
		3A9A9C621AD5B4CD008FABE9 /* WebKit.framework */ = {isa = PBXFileReference; lastKnownFileType = wrapper.framework; name = WebKit.framework; path = System/Library/Frameworks/WebKit.framework; sourceTree = SDKROOT; };
/* End PBXFileReference section */

/* Begin PBXFrameworksBuildPhase section */
		3A9A9C3C1AD5B407008FABE9 /* Frameworks */ = {
			isa = PBXFrameworksBuildPhase;
			buildActionMask = 2147483647;
			files = (
				3A9A9C631AD5B4CD008FABE9 /* WebKit.framework in Frameworks */,
			);
			runOnlyForDeploymentPostprocessing = 0;
		};
/* End PBXFrameworksBuildPhase section */

/* Begin PBXGroup section */
		3A9A9C361AD5B407008FABE9 = {
			isa = PBXGroup;
			children = (
				3A9A9C411AD5B407008FABE9 /* Messenger */,
				3A9A9C621AD5B4CD008FABE9 /* WebKit.framework */,
				3A9A9C401AD5B407008FABE9 /* Products */,
			);
			sourceTree = "<group>";
		};
		3A9A9C401AD5B407008FABE9 /* Products */ = {
			isa = PBXGroup;
			children = (
				3A9A9C3F1AD5B407008FABE9 /* Messenger.app */,
			);
			name = Products;
			sourceTree = "<group>";
		};
		3A9A9C411AD5B407008FABE9 /* Messenger */ = {
			isa = PBXGroup;
			children = (
				3A9A9C441AD5B407008FABE9 /* AppDelegate.h */,
				3A9A9C451AD5B407008FABE9 /* AppDelegate.mm */,
				3A9A9C491AD5B407008FABE9 /* Images.xcassets */,
				3A9A9C4B1AD5B407008FABE9 /* MainMenu.xib */,
				3A9A9C421AD5B407008FABE9 /* Supporting Files */,
			);
			path = Messenger;
			sourceTree = "<group>";
		};
		3A9A9C421AD5B407008FABE9 /* Supporting Files */ = {
			isa = PBXGroup;
			children = (
				3A9A9C431AD5B407008FABE9 /* Info.plist */,
				3A9A9C471AD5B407008FABE9 /* main.m */,
			);
			name = "Supporting Files";
			sourceTree = "<group>";
		};
/* End PBXGroup section */

/* Begin PBXNativeTarget section */
		3A9A9C3E1AD5B407008FABE9 /* Messenger */ = {
			isa = PBXNativeTarget;
			buildConfigurationList = 3A9A9C5C1AD5B407008FABE9 /* Build configuration list for PBXNativeTarget "Messenger" */;
			buildPhases = (
				3A9A9C3B1AD5B407008FABE9 /* Sources */,
				3A9A9C3C1AD5B407008FABE9 /* Frameworks */,
				3A9A9C3D1AD5B407008FABE9 /* Resources */,
			);
			buildRules = (
			);
			dependencies = (
			);
			name = Messenger;
			productName = Messenger;
			productReference = 3A9A9C3F1AD5B407008FABE9 /* Messenger.app */;
			productType = "com.apple.product-type.application";
		};
/* End PBXNativeTarget section */

/* Begin PBXProject section */
		3A9A9C371AD5B407008FABE9 /* Project object */ = {
			isa = PBXProject;
			attributes = {
				LastUpgradeCheck = 0610;
				ORGANIZATIONNAME = Rsms;
				TargetAttributes = {
					3A9A9C3E1AD5B407008FABE9 = {
						CreatedOnToolsVersion = 6.1.1;
					};
				};
			};
			buildConfigurationList = 3A9A9C3A1AD5B407008FABE9 /* Build configuration list for PBXProject "Messenger" */;
			compatibilityVersion = "Xcode 3.2";
			developmentRegion = English;
			hasScannedForEncodings = 0;
			knownRegions = (
				en,
				Base,
			);
			mainGroup = 3A9A9C361AD5B407008FABE9;
			productRefGroup = 3A9A9C401AD5B407008FABE9 /* Products */;
			projectDirPath = "";
			projectRoot = "";
			targets = (
				3A9A9C3E1AD5B407008FABE9 /* Messenger */,
			);
		};
/* End PBXProject section */

/* Begin PBXResourcesBuildPhase section */
		3A9A9C3D1AD5B407008FABE9 /* Resources */ = {
			isa = PBXResourcesBuildPhase;
			buildActionMask = 2147483647;
			files = (
				3A9A9C4A1AD5B407008FABE9 /* Images.xcassets in Resources */,
				3A9A9C4D1AD5B407008FABE9 /* MainMenu.xib in Resources */,
			);
			runOnlyForDeploymentPostprocessing = 0;
		};
/* End PBXResourcesBuildPhase section */

/* Begin PBXSourcesBuildPhase section */
		3A9A9C3B1AD5B407008FABE9 /* Sources */ = {
			isa = PBXSourcesBuildPhase;
			buildActionMask = 2147483647;
			files = (
				3A9A9C481AD5B407008FABE9 /* main.m in Sources */,
				3A9A9C461AD5B407008FABE9 /* AppDelegate.mm in Sources */,
			);
			runOnlyForDeploymentPostprocessing = 0;
		};
/* End PBXSourcesBuildPhase section */

/* Begin PBXVariantGroup section */
		3A9A9C4B1AD5B407008FABE9 /* MainMenu.xib */ = {
			isa = PBXVariantGroup;
			children = (
				3A9A9C4C1AD5B407008FABE9 /* Base */,
			);
			name = MainMenu.xib;
			sourceTree = "<group>";
		};
/* End PBXVariantGroup section */

/* Begin XCBuildConfiguration section */
		3A9A9C5A1AD5B407008FABE9 /* Debug */ = {
			isa = XCBuildConfiguration;
			buildSettings = {
				ALWAYS_SEARCH_USER_PATHS = NO;
				CLANG_CXX_LANGUAGE_STANDARD = "gnu++0x";
				CLANG_CXX_LIBRARY = "libc++";
				CLANG_ENABLE_MODULES = YES;
				CLANG_ENABLE_OBJC_ARC = YES;
				CLANG_WARN_BOOL_CONVERSION = YES;
				CLANG_WARN_CONSTANT_CONVERSION = YES;
				CLANG_WARN_DIRECT_OBJC_ISA_USAGE = YES_ERROR;
				CLANG_WARN_EMPTY_BODY = YES;
				CLANG_WARN_ENUM_CONVERSION = YES;
				CLANG_WARN_INT_CONVERSION = YES;
				CLANG_WARN_OBJC_ROOT_CLASS = YES_ERROR;
				CLANG_WARN_UNREACHABLE_CODE = YES;
				CLANG_WARN__DUPLICATE_METHOD_MATCH = YES;
				CODE_SIGN_IDENTITY = "-";
				COPY_PHASE_STRIP = NO;
				ENABLE_STRICT_OBJC_MSGSEND = YES;
				GCC_C_LANGUAGE_STANDARD = gnu99;
				GCC_DYNAMIC_NO_PIC = NO;
				GCC_OPTIMIZATION_LEVEL = 0;
				GCC_PREPROCESSOR_DEFINITIONS = (
					"DEBUG=1",
					"$(inherited)",
				);
				GCC_SYMBOLS_PRIVATE_EXTERN = NO;
				GCC_WARN_64_TO_32_BIT_CONVERSION = YES;
				GCC_WARN_ABOUT_RETURN_TYPE = YES_ERROR;
				GCC_WARN_UNDECLARED_SELECTOR = YES;
				GCC_WARN_UNINITIALIZED_AUTOS = YES_AGGRESSIVE;
				GCC_WARN_UNUSED_FUNCTION = YES;
				GCC_WARN_UNUSED_VARIABLE = YES;
				MACOSX_DEPLOYMENT_TARGET = 10.10;
				MTL_ENABLE_DEBUG_INFO = YES;
				ONLY_ACTIVE_ARCH = YES;
				SDKROOT = macosx;
			};
			name = Debug;
		};
		3A9A9C5B1AD5B407008FABE9 /* Release */ = {
			isa = XCBuildConfiguration;
			buildSettings = {
				ALWAYS_SEARCH_USER_PATHS = NO;
				CLANG_CXX_LANGUAGE_STANDARD = "gnu++0x";
				CLANG_CXX_LIBRARY = "libc++";
				CLANG_ENABLE_MODULES = YES;
				CLANG_ENABLE_OBJC_ARC = YES;
				CLANG_WARN_BOOL_CONVERSION = YES;
				CLANG_WARN_CONSTANT_CONVERSION = YES;
				CLANG_WARN_DIRECT_OBJC_ISA_USAGE = YES_ERROR;
				CLANG_WARN_EMPTY_BODY = YES;
				CLANG_WARN_ENUM_CONVERSION = YES;
				CLANG_WARN_INT_CONVERSION = YES;
				CLANG_WARN_OBJC_ROOT_CLASS = YES_ERROR;
				CLANG_WARN_UNREACHABLE_CODE = YES;
				CLANG_WARN__DUPLICATE_METHOD_MATCH = YES;
				CODE_SIGN_IDENTITY = "-";
				COPY_PHASE_STRIP = YES;
				DEBUG_INFORMATION_FORMAT = "dwarf-with-dsym";
				ENABLE_NS_ASSERTIONS = NO;
				ENABLE_STRICT_OBJC_MSGSEND = YES;
				GCC_C_LANGUAGE_STANDARD = gnu99;
				GCC_WARN_64_TO_32_BIT_CONVERSION = YES;
				GCC_WARN_ABOUT_RETURN_TYPE = YES_ERROR;
				GCC_WARN_UNDECLARED_SELECTOR = YES;
				GCC_WARN_UNINITIALIZED_AUTOS = YES_AGGRESSIVE;
				GCC_WARN_UNUSED_FUNCTION = YES;
				GCC_WARN_UNUSED_VARIABLE = YES;
				MACOSX_DEPLOYMENT_TARGET = 10.10;
				MTL_ENABLE_DEBUG_INFO = NO;
				SDKROOT = macosx;
			};
			name = Release;
		};
		3A9A9C5D1AD5B407008FABE9 /* Debug */ = {
			isa = XCBuildConfiguration;
			buildSettings = {
				ASSETCATALOG_COMPILER_APPICON_NAME = AppIcon;
				COMBINE_HIDPI_IMAGES = YES;
				INFOPLIST_FILE = Messenger/Info.plist;
				LD_RUNPATH_SEARCH_PATHS = "$(inherited) @executable_path/../Frameworks";
				PRODUCT_NAME = "$(TARGET_NAME)";
			};
			name = Debug;
		};
		3A9A9C5E1AD5B407008FABE9 /* Release */ = {
			isa = XCBuildConfiguration;
			buildSettings = {
				ASSETCATALOG_COMPILER_APPICON_NAME = AppIcon;
				COMBINE_HIDPI_IMAGES = YES;
				INFOPLIST_FILE = Messenger/Info.plist;
				LD_RUNPATH_SEARCH_PATHS = "$(inherited) @executable_path/../Frameworks";
				PRODUCT_NAME = "$(TARGET_NAME)";
			};
			name = Release;
		};
/* End XCBuildConfiguration section */

/* Begin XCConfigurationList section */
		3A9A9C3A1AD5B407008FABE9 /* Build configuration list for PBXProject "Messenger" */ = {
			isa = XCConfigurationList;
			buildConfigurations = (
				3A9A9C5A1AD5B407008FABE9 /* Debug */,
				3A9A9C5B1AD5B407008FABE9 /* Release */,
			);
			defaultConfigurationIsVisible = 0;
			defaultConfigurationName = Release;
		};
		3A9A9C5C1AD5B407008FABE9 /* Build configuration list for PBXNativeTarget "Messenger" */ = {
			isa = XCConfigurationList;
			buildConfigurations = (
				3A9A9C5D1AD5B407008FABE9 /* Debug */,
				3A9A9C5E1AD5B407008FABE9 /* Release */,
			);
			defaultConfigurationIsVisible = 0;
			defaultConfigurationName = Release;
		};
/* End XCConfigurationList section */
	};
	rootObject = 3A9A9C371AD5B407008FABE9 /* Project object */;
}
